
Microsoft Visual Studio Solution File, Format Version 12.00
# Visual Studio Version 17
VisualStudioVersion = 17.12.35514.174
MinimumVisualStudioVersion = 10.0.40219.1
Project("{FAE04EC0-301F-11D3-BF4B-00C04F79EFBC}") = "StockTalk.Api", "StockTalk.Api\StockTalk.Api.csproj", "{80A6ACCB-0EFE-4281-8327-861F70B490A3}"
EndProject
Project("{FAE04EC0-301F-11D3-BF4B-00C04F79EFBC}") = "StockTalk.Entities", "StockTalk.Entities\StockTalk.Entities.csproj", "{1FC54B78-AECB-403C-900D-6A048B169F97}"
EndProject
Project("{FAE04EC0-301F-11D3-BF4B-00C04F79EFBC}") = "StockTalk.Infrastructure", "StockTalk.Infrastructure\StockTalk.Infrastructure.csproj", "{4BF9E67E-BF27-4485-8F2B-BE6F04E8BF9C}"
EndProject
Project("{2150E333-8FDC-42A3-9474-1A3956D46DE8}") = "Solution Items", "Solution Items", "{ED89370C-02F3-4766-A028-8C6387FE7D6A}"
	ProjectSection(SolutionItems) = preProject
		.editorconfig = .editorconfig
	EndProjectSection
EndProject
Project("{FAE04EC0-301F-11D3-BF4B-00C04F79EFBC}") = "StockTalk.Service", "StockTalk.Service\StockTalk.Service.csproj", "{85D8CA36-ED37-4F67-A079-011271B1E976}"
EndProject
Project("{FAE04EC0-301F-11D3-BF4B-00C04F79EFBC}") = "StockTalk", "StockTalk\StockTalk.csproj", "{2CA16707-DD72-4D7A-9AA9-92A6A2339CE5}"
EndProject
Project("{FAE04EC0-301F-11D3-BF4B-00C04F79EFBC}") = "StockTalk.Tests", "StockTalk.Test\StockTalk.Tests.csproj", "{16623D4B-7E29-41F7-955C-6F8E064B4F8A}"
EndProject
Global
	GlobalSection(SolutionConfigurationPlatforms) = preSolution
		Debug|Any CPU = Debug|Any CPU
		Release|Any CPU = Release|Any CPU
	EndGlobalSection
	GlobalSection(ProjectConfigurationPlatforms) = postSolution
		{80A6ACCB-0EFE-4281-8327-861F70B490A3}.Debug|Any CPU.ActiveCfg = Debug|Any CPU
		{80A6ACCB-0EFE-4281-8327-861F70B490A3}.Debug|Any CPU.Build.0 = Debug|Any CPU
		{80A6ACCB-0EFE-4281-8327-861F70B490A3}.Release|Any CPU.ActiveCfg = Release|Any CPU
		{80A6ACCB-0EFE-4281-8327-861F70B490A3}.Release|Any CPU.Build.0 = Release|Any CPU
		{1FC54B78-AECB-403C-900D-6A048B169F97}.Debug|Any CPU.ActiveCfg = Debug|Any CPU
		{1FC54B78-AECB-403C-900D-6A048B169F97}.Debug|Any CPU.Build.0 = Debug|Any CPU
		{1FC54B78-AECB-403C-900D-6A048B169F97}.Release|Any CPU.ActiveCfg = Release|Any CPU
		{1FC54B78-AECB-403C-900D-6A048B169F97}.Release|Any CPU.Build.0 = Release|Any CPU
		{4BF9E67E-BF27-4485-8F2B-BE6F04E8BF9C}.Debug|Any CPU.ActiveCfg = Debug|Any CPU
		{4BF9E67E-BF27-4485-8F2B-BE6F04E8BF9C}.Debug|Any CPU.Build.0 = Debug|Any CPU
		{4BF9E67E-BF27-4485-8F2B-BE6F04E8BF9C}.Release|Any CPU.ActiveCfg = Release|Any CPU
		{4BF9E67E-BF27-4485-8F2B-BE6F04E8BF9C}.Release|Any CPU.Build.0 = Release|Any CPU
		{85D8CA36-ED37-4F67-A079-011271B1E976}.Debug|Any CPU.ActiveCfg = Debug|Any CPU
		{85D8CA36-ED37-4F67-A079-011271B1E976}.Debug|Any CPU.Build.0 = Debug|Any CPU
		{85D8CA36-ED37-4F67-A079-011271B1E976}.Release|Any CPU.ActiveCfg = Release|Any CPU
		{85D8CA36-ED37-4F67-A079-011271B1E976}.Release|Any CPU.Build.0 = Release|Any CPU
		{2CA16707-DD72-4D7A-9AA9-92A6A2339CE5}.Debug|Any CPU.ActiveCfg = Debug|Any CPU
		{2CA16707-DD72-4D7A-9AA9-92A6A2339CE5}.Debug|Any CPU.Build.0 = Debug|Any CPU
		{2CA16707-DD72-4D7A-9AA9-92A6A2339CE5}.Release|Any CPU.ActiveCfg = Release|Any CPU
		{2CA16707-DD72-4D7A-9AA9-92A6A2339CE5}.Release|Any CPU.Build.0 = Release|Any CPU
		{16623D4B-7E29-41F7-955C-6F8E064B4F8A}.Debug|Any CPU.ActiveCfg = Debug|Any CPU
		{16623D4B-7E29-41F7-955C-6F8E064B4F8A}.Debug|Any CPU.Build.0 = Debug|Any CPU
		{16623D4B-7E29-41F7-955C-6F8E064B4F8A}.Release|Any CPU.ActiveCfg = Release|Any CPU
		{16623D4B-7E29-41F7-955C-6F8E064B4F8A}.Release|Any CPU.Build.0 = Release|Any CPU
	EndGlobalSection
	GlobalSection(SolutionProperties) = preSolution
		HideSolutionNode = FALSE
	EndGlobalSection
EndGlobal
